<?xml version="1.0" encoding="utf-8"?>
<Project ToolsVersion="17.0" xmlns="http://schemas.microsoft.com/developer/msbuild/2003">
  <ItemGroup>
    <ClCompile Include="C:\Users\35474\Desktop\Git仓库合集\CMake\test1\main.cpp">
      <Filter>Source Files</Filter>
    </ClCompile>
  </ItemGroup>
  <ItemGroup>
    <CustomBuild Include="C:\Users\35474\Desktop\Git仓库合集\CMake\test1\CMakeLists.txt" />
  </ItemGroup>
  <ItemGroup>
    <Filter Include="Source Files">
      <UniqueIdentifier>{D917004D-0B92-31DA-B511-F3D7A5435924}</UniqueIdentifier>
    </Filter>
  </ItemGroup>
</Project>
